
Microsoft Visual Studio Solution File, Format Version 12.00
# Visual Studio 15
VisualStudioVersion = 15.0.27004.2008
MinimumVisualStudioVersion = 10.0.40219.1
Project("{FAE04EC0-301F-11D3-BF4B-00C04F79EFBC}") = "Operators1", "Operators1\Operators1.csproj", "{D530B295-4727-4BCE-8DC8-84FF0DEA9B0A}"
EndProject
Global
	GlobalSection(SolutionConfigurationPlatforms) = preSolution
		Debug|Any CPU = Debug|Any CPU
		Release|Any CPU = Release|Any CPU
	EndGlobalSection
	GlobalSection(ProjectConfigurationPlatforms) = postSolution
		{D530B295-4727-4BCE-8DC8-84FF0DEA9B0A}.Debug|Any CPU.ActiveCfg = Debug|Any CPU
		{D530B295-4727-4BCE-8DC8-84FF0DEA9B0A}.Debug|Any CPU.Build.0 = Debug|Any CPU
		{D530B295-4727-4BCE-8DC8-84FF0DEA9B0A}.Release|Any CPU.ActiveCfg = Release|Any CPU
		{D530B295-4727-4BCE-8DC8-84FF0DEA9B0A}.Release|Any CPU.Build.0 = Release|Any CPU
	EndGlobalSection
	GlobalSection(SolutionProperties) = preSolution
		HideSolutionNode = FALSE
	EndGlobalSection
	GlobalSection(ExtensibilityGlobals) = postSolution
		SolutionGuid = {FC834F05-BA54-4800-96AD-8EB7D4C96646}
	EndGlobalSection
EndGlobal
